PODS:
  - Alamofire (5.4.1)
  - AlamofireImage (4.1.0):
    - Alamofire (~> 5.1)
  - Masonry (1.1.0)
  - PanModal (1.2.7)

DEPENDENCIES:
  - Alamofire
  - AlamofireImage (~> 4.1)
  - Masonry
  - PanModal

SPEC REPOS:
  trunk:
    - Alamofire
    - AlamofireImage
    - Masonry
    - PanModal

SPEC CHECKSUMS:
  Alamofire: 2291f7d21ca607c491dd17642e5d40fdcda0e65c
  AlamofireImage: c4a2ba349885fb3064feb74d2e547bd42ce9be10
  Masonry: 678fab65091a9290e40e2832a55e7ab731aad201
  PanModal: 3e16ead1a907fb06f4df3f13492fd00149fa4974

PODFILE CHECKSUM: 0182119d8c720f5697d186453f58142065fce0b9

COCOAPODS: 1.10.0
