// !$*UTF8*$!
{
	archiveVersion = 1;
	classes = {
	};
	objectVersion = 51;
	objects = {

/* Begin PBXBuildFile section */
		0405E30725B2BA750082BCDE /* HomeViewController.swift in Sources */ = {isa = PBXBuildFile; fileRef = 0405E30525B2BA750082BCDE /* HomeViewController.swift */; };
		0405E30825B2BA750082BCDE /* HomeViewController.xib in Resources */ = {isa = PBXBuildFile; fileRef = 0405E30625B2BA750082BCDE /* HomeViewController.xib */; };
		0405E30D25B2C33F0082BCDE /* pokemon_data.json in Resources */ = {isa = PBXBuildFile; fileRef = 0405E30C25B2C33F0082BCDE /* pokemon_data.json */; };
		0405E31525B2D08A0082BCDE /* VisualizeViewController.swift in Sources */ = {isa = PBXBuildFile; fileRef = 0405E31425B2D08A0082BCDE /* VisualizeViewController.swift */; };
		0405E32225B2D1860082BCDE /* PokemonPlane.swift in Sources */ = {isa = PBXBuildFile; fileRef = 0405E32125B2D1860082BCDE /* PokemonPlane.swift */; };
		0405E32725B2D19C0082BCDE /* ARKit.framework in Frameworks */ = {isa = PBXBuildFile; fileRef = 0405E32625B2D19C0082BCDE /* ARKit.framework */; };
		0405E33125B2D75F0082BCDE /* pikachu.dae in Resources */ = {isa = PBXBuildFile; fileRef = 0405E33025B2D75F0082BCDE /* pikachu.dae */; };
		0405E33625B2E0700082BCDE /* PokemonInfoViewController.swift in Sources */ = {isa = PBXBuildFile; fileRef = 0405E33525B2E0700082BCDE /* PokemonInfoViewController.swift */; };
		040E37D325B2B02800AA2438 /* AppDelegate.swift in Sources */ = {isa = PBXBuildFile; fileRef = 040E37D225B2B02800AA2438 /* AppDelegate.swift */; };
		040E37D525B2B02800AA2438 /* SceneDelegate.swift in Sources */ = {isa = PBXBuildFile; fileRef = 040E37D425B2B02800AA2438 /* SceneDelegate.swift */; };
		040E37DC25B2B02900AA2438 /* Assets.xcassets in Resources */ = {isa = PBXBuildFile; fileRef = 040E37DB25B2B02900AA2438 /* Assets.xcassets */; };
		040E37DF25B2B02900AA2438 /* LaunchScreen.storyboard in Resources */ = {isa = PBXBuildFile; fileRef = 040E37DD25B2B02900AA2438 /* LaunchScreen.storyboard */; };
		040E37EA25B2B02900AA2438 /* PokeDexARTests.swift in Sources */ = {isa = PBXBuildFile; fileRef = 040E37E925B2B02900AA2438 /* PokeDexARTests.swift */; };
		040E37F525B2B02900AA2438 /* PokeDexARUITests.swift in Sources */ = {isa = PBXBuildFile; fileRef = 040E37F425B2B02900AA2438 /* PokeDexARUITests.swift */; };
		0438898625B2B1BE005C5AED /* Pokemon.swift in Sources */ = {isa = PBXBuildFile; fileRef = 0438898525B2B1BE005C5AED /* Pokemon.swift */; };
		0438899225B2B2D7005C5AED /* StringExtensions.swift in Sources */ = {isa = PBXBuildFile; fileRef = 0438898F25B2B2D7005C5AED /* StringExtensions.swift */; };
		0438899325B2B2D7005C5AED /* AppUtils.swift in Sources */ = {isa = PBXBuildFile; fileRef = 0438899025B2B2D7005C5AED /* AppUtils.swift */; };
		0438899425B2B2D7005C5AED /* DictionaryExtensions.swift in Sources */ = {isa = PBXBuildFile; fileRef = 0438899125B2B2D7005C5AED /* DictionaryExtensions.swift */; };
		0438899A25B2B340005C5AED /* PokemonCollectionCell.swift in Sources */ = {isa = PBXBuildFile; fileRef = 0438899925B2B340005C5AED /* PokemonCollectionCell.swift */; };
		04C8E0B625B2E46A0074F6B9 /* bulbasaur.dae in Resources */ = {isa = PBXBuildFile; fileRef = 04C8E0B525B2E46A0074F6B9 /* bulbasaur.dae */; };
		04C8E0BB25B2EF410074F6B9 /* ButtonExtensions.swift in Sources */ = {isa = PBXBuildFile; fileRef = 04C8E0BA25B2EF410074F6B9 /* ButtonExtensions.swift */; };
		04C8E0C025B2F0680074F6B9 /* ColorExtensions.swift in Sources */ = {isa = PBXBuildFile; fileRef = 04C8E0BF25B2F0680074F6B9 /* ColorExtensions.swift */; };
		7853F290B4E008DC2FAAFFB2 /* Pods_PokeDexAR.framework in Frameworks */ = {isa = PBXBuildFile; fileRef = 9DEEC777F977C01625D10AAA /* Pods_PokeDexAR.framework */; };
/* End PBXBuildFile section */

/* Begin PBXContainerItemProxy section */
		040E37E625B2B02900AA2438 /* PBXContainerItemProxy */ = {
			isa = PBXContainerItemProxy;
			containerPortal = 040E37C725B2B02800AA2438 /* Project object */;
			proxyType = 1;
			remoteGlobalIDString = 040E37CE25B2B02800AA2438;
			remoteInfo = PokeDexAR;
		};
		040E37F125B2B02900AA2438 /* PBXContainerItemProxy */ = {
			isa = PBXContainerItemProxy;
			containerPortal = 040E37C725B2B02800AA2438 /* Project object */;
			proxyType = 1;
			remoteGlobalIDString = 040E37CE25B2B02800AA2438;
			remoteInfo = PokeDexAR;
		};
/* End PBXContainerItemProxy section */

/* Begin PBXFileReference section */
		0405E30525B2BA750082BCDE /* HomeViewController.swift */ = {isa = PBXFileReference; lastKnownFileType = sourcecode.swift; path = HomeViewController.swift; sourceTree = "<group>"; };
		0405E30625B2BA750082BCDE /* HomeViewController.xib */ = {isa = PBXFileReference; lastKnownFileType = file.xib; path = HomeViewController.xib; sourceTree = "<group>"; };
		0405E30C25B2C33F0082BCDE /* pokemon_data.json */ = {isa = PBXFileReference; lastKnownFileType = text.json; path = pokemon_data.json; sourceTree = "<group>"; };
		0405E31425B2D08A0082BCDE /* VisualizeViewController.swift */ = {isa = PBXFileReference; lastKnownFileType = sourcecode.swift; path = VisualizeViewController.swift; sourceTree = "<group>"; };
		0405E32125B2D1860082BCDE /* PokemonPlane.swift */ = {isa = PBXFileReference; lastKnownFileType = sourcecode.swift; path = PokemonPlane.swift; sourceTree = "<group>"; };
		0405E32625B2D19C0082BCDE /* ARKit.framework */ = {isa = PBXFileReference; lastKnownFileType = wrapper.framework; name = ARKit.framework; path = System/Library/Frameworks/ARKit.framework; sourceTree = SDKROOT; };
		0405E33025B2D75F0082BCDE /* pikachu.dae */ = {isa = PBXFileReference; fileEncoding = 4; lastKnownFileType = text.xml.dae; path = pikachu.dae; sourceTree = "<group>"; };
		0405E33525B2E0700082BCDE /* PokemonInfoViewController.swift */ = {isa = PBXFileReference; lastKnownFileType = sourcecode.swift; path = PokemonInfoViewController.swift; sourceTree = "<group>"; };
		040E37CF25B2B02800AA2438 /* PokeDexAR.app */ = {isa = PBXFileReference; explicitFileType = wrapper.application; includeInIndex = 0; path = PokeDexAR.app; sourceTree = BUILT_PRODUCTS_DIR; };
		040E37D225B2B02800AA2438 /* AppDelegate.swift */ = {isa = PBXFileReference; lastKnownFileType = sourcecode.swift; path = AppDelegate.swift; sourceTree = "<group>"; };
		040E37D425B2B02800AA2438 /* SceneDelegate.swift */ = {isa = PBXFileReference; lastKnownFileType = sourcecode.swift; path = SceneDelegate.swift; sourceTree = "<group>"; };
		040E37DB25B2B02900AA2438 /* Assets.xcassets */ = {isa = PBXFileReference; lastKnownFileType = folder.assetcatalog; path = Assets.xcassets; sourceTree = "<group>"; };
		040E37DE25B2B02900AA2438 /* Base */ = {isa = PBXFileReference; lastKnownFileType = file.storyboard; name = Base; path = Base.lproj/LaunchScreen.storyboard; sourceTree = "<group>"; };
		040E37E025B2B02900AA2438 /* Info.plist */ = {isa = PBXFileReference; lastKnownFileType = text.plist.xml; path = Info.plist; sourceTree = "<group>"; };
		040E37E525B2B02900AA2438 /* PokeDexARTests.xctest */ = {isa = PBXFileReference; explicitFileType = wrapper.cfbundle; includeInIndex = 0; path = PokeDexARTests.xctest; sourceTree = BUILT_PRODUCTS_DIR; };
		040E37E925B2B02900AA2438 /* PokeDexARTests.swift */ = {isa = PBXFileReference; lastKnownFileType = sourcecode.swift; path = PokeDexARTests.swift; sourceTree = "<group>"; };
		040E37EB25B2B02900AA2438 /* Info.plist */ = {isa = PBXFileReference; lastKnownFileType = text.plist.xml; path = Info.plist; sourceTree = "<group>"; };
		040E37F025B2B02900AA2438 /* PokeDexARUITests.xctest */ = {isa = PBXFileReference; explicitFileType = wrapper.cfbundle; includeInIndex = 0; path = PokeDexARUITests.xctest; sourceTree = BUILT_PRODUCTS_DIR; };
		040E37F425B2B02900AA2438 /* PokeDexARUITests.swift */ = {isa = PBXFileReference; lastKnownFileType = sourcecode.swift; path = PokeDexARUITests.swift; sourceTree = "<group>"; };
		040E37F625B2B02900AA2438 /* Info.plist */ = {isa = PBXFileReference; lastKnownFileType = text.plist.xml; path = Info.plist; sourceTree = "<group>"; };
		0438898525B2B1BE005C5AED /* Pokemon.swift */ = {isa = PBXFileReference; lastKnownFileType = sourcecode.swift; path = Pokemon.swift; sourceTree = "<group>"; };
		0438898F25B2B2D7005C5AED /* StringExtensions.swift */ = {isa = PBXFileReference; fileEncoding = 4; lastKnownFileType = sourcecode.swift; path = StringExtensions.swift; sourceTree = "<group>"; };
		0438899025B2B2D7005C5AED /* AppUtils.swift */ = {isa = PBXFileReference; fileEncoding = 4; lastKnownFileType = sourcecode.swift; path = AppUtils.swift; sourceTree = "<group>"; };
		0438899125B2B2D7005C5AED /* DictionaryExtensions.swift */ = {isa = PBXFileReference; fileEncoding = 4; lastKnownFileType = sourcecode.swift; path = DictionaryExtensions.swift; sourceTree = "<group>"; };
		0438899925B2B340005C5AED /* PokemonCollectionCell.swift */ = {isa = PBXFileReference; lastKnownFileType = sourcecode.swift; path = PokemonCollectionCell.swift; sourceTree = "<group>"; };
		04C8E0B525B2E46A0074F6B9 /* bulbasaur.dae */ = {isa = PBXFileReference; fileEncoding = 4; lastKnownFileType = text.xml.dae; path = bulbasaur.dae; sourceTree = "<group>"; };
		04C8E0BA25B2EF410074F6B9 /* ButtonExtensions.swift */ = {isa = PBXFileReference; lastKnownFileType = sourcecode.swift; path = ButtonExtensions.swift; sourceTree = "<group>"; };
		04C8E0BF25B2F0680074F6B9 /* ColorExtensions.swift */ = {isa = PBXFileReference; lastKnownFileType = sourcecode.swift; path = ColorExtensions.swift; sourceTree = "<group>"; };
		539B23334F07B2B04E0A8922 /* Pods-PokeDexAR.debug.xcconfig */ = {isa = PBXFileReference; includeInIndex = 1; lastKnownFileType = text.xcconfig; name = "Pods-PokeDexAR.debug.xcconfig"; path = "Target Support Files/Pods-PokeDexAR/Pods-PokeDexAR.debug.xcconfig"; sourceTree = "<group>"; };
		9DEEC777F977C01625D10AAA /* Pods_PokeDexAR.framework */ = {isa = PBXFileReference; explicitFileType = wrapper.framework; includeInIndex = 0; path = Pods_PokeDexAR.framework; sourceTree = BUILT_PRODUCTS_DIR; };
		E3376CE45A888C7477D649D4 /* Pods-PokeDexAR.release.xcconfig */ = {isa = PBXFileReference; includeInIndex = 1; lastKnownFileType = text.xcconfig; name = "Pods-PokeDexAR.release.xcconfig"; path = "Target Support Files/Pods-PokeDexAR/Pods-PokeDexAR.release.xcconfig"; sourceTree = "<group>"; };
/* End PBXFileReference section */

/* Begin PBXFrameworksBuildPhase section */
		040E37CC25B2B02800AA2438 /* Frameworks */ = {
			isa = PBXFrameworksBuildPhase;
			buildActionMask = 2147483647;
			files = (
				0405E32725B2D19C0082BCDE /* ARKit.framework in Frameworks */,
				7853F290B4E008DC2FAAFFB2 /* Pods_PokeDexAR.framework in Frameworks */,
			);
			runOnlyForDeploymentPostprocessing = 0;
		};
		040E37E225B2B02900AA2438 /* Frameworks */ = {
			isa = PBXFrameworksBuildPhase;
			buildActionMask = 2147483647;
			files = (
			);
			runOnlyForDeploymentPostprocessing = 0;
		};
		040E37ED25B2B02900AA2438 /* Frameworks */ = {
			isa = PBXFrameworksBuildPhase;
			buildActionMask = 2147483647;
			files = (
			);
			runOnlyForDeploymentPostprocessing = 0;
		};
/* End PBXFrameworksBuildPhase section */

/* Begin PBXGroup section */
		0405E31125B2D05D0082BCDE /* VisualizePokemon */ = {
			isa = PBXGroup;
			children = (
				0405E31425B2D08A0082BCDE /* VisualizeViewController.swift */,
				0405E32125B2D1860082BCDE /* PokemonPlane.swift */,
				0405E33525B2E0700082BCDE /* PokemonInfoViewController.swift */,
			);
			path = VisualizePokemon;
			sourceTree = "<group>";
		};
		040E37C625B2B02800AA2438 = {
			isa = PBXGroup;
			children = (
				040E37D125B2B02800AA2438 /* PokeDexAR */,
				040E37E825B2B02900AA2438 /* PokeDexARTests */,
				040E37F325B2B02900AA2438 /* PokeDexARUITests */,
				040E37D025B2B02800AA2438 /* Products */,
				6203FDD5E69B52181C23BCAB /* Pods */,
				B1407C2049C37A3C7DE96414 /* Frameworks */,
			);
			sourceTree = "<group>";
		};
		040E37D025B2B02800AA2438 /* Products */ = {
			isa = PBXGroup;
			children = (
				040E37CF25B2B02800AA2438 /* PokeDexAR.app */,
				040E37E525B2B02900AA2438 /* PokeDexARTests.xctest */,
				040E37F025B2B02900AA2438 /* PokeDexARUITests.xctest */,
			);
			name = Products;
			sourceTree = "<group>";
		};
		040E37D125B2B02800AA2438 /* PokeDexAR */ = {
			isa = PBXGroup;
			children = (
				0405E31125B2D05D0082BCDE /* VisualizePokemon */,
				0438899825B2B31C005C5AED /* Home */,
				0438898E25B2B2B6005C5AED /* Utils */,
				0438898425B2B1B3005C5AED /* Model */,
				0438897B25B2B18C005C5AED /* 3D Model */,
				040E37D225B2B02800AA2438 /* AppDelegate.swift */,
				040E37D425B2B02800AA2438 /* SceneDelegate.swift */,
				040E37DB25B2B02900AA2438 /* Assets.xcassets */,
				040E37DD25B2B02900AA2438 /* LaunchScreen.storyboard */,
				040E37E025B2B02900AA2438 /* Info.plist */,
				0405E30C25B2C33F0082BCDE /* pokemon_data.json */,
			);
			path = PokeDexAR;
			sourceTree = "<group>";
		};
		040E37E825B2B02900AA2438 /* PokeDexARTests */ = {
			isa = PBXGroup;
			children = (
				040E37E925B2B02900AA2438 /* PokeDexARTests.swift */,
				040E37EB25B2B02900AA2438 /* Info.plist */,
			);
			path = PokeDexARTests;
			sourceTree = "<group>";
		};
		040E37F325B2B02900AA2438 /* PokeDexARUITests */ = {
			isa = PBXGroup;
			children = (
				040E37F425B2B02900AA2438 /* PokeDexARUITests.swift */,
				040E37F625B2B02900AA2438 /* Info.plist */,
			);
			path = PokeDexARUITests;
			sourceTree = "<group>";
		};
		0438897B25B2B18C005C5AED /* 3D Model */ = {
			isa = PBXGroup;
			children = (
				04C8E0B525B2E46A0074F6B9 /* bulbasaur.dae */,
				0405E33025B2D75F0082BCDE /* pikachu.dae */,
			);
			path = "3D Model";
			sourceTree = "<group>";
		};
		0438898425B2B1B3005C5AED /* Model */ = {
			isa = PBXGroup;
			children = (
				0438898525B2B1BE005C5AED /* Pokemon.swift */,
			);
			path = Model;
			sourceTree = "<group>";
		};
		0438898E25B2B2B6005C5AED /* Utils */ = {
			isa = PBXGroup;
			children = (
				0438899025B2B2D7005C5AED /* AppUtils.swift */,
				0438899125B2B2D7005C5AED /* DictionaryExtensions.swift */,
				0438898F25B2B2D7005C5AED /* StringExtensions.swift */,
				04C8E0BA25B2EF410074F6B9 /* ButtonExtensions.swift */,
				04C8E0BF25B2F0680074F6B9 /* ColorExtensions.swift */,
			);
			path = Utils;
			sourceTree = "<group>";
		};
		0438899825B2B31C005C5AED /* Home */ = {
			isa = PBXGroup;
			children = (
				0438899925B2B340005C5AED /* PokemonCollectionCell.swift */,
				0405E30525B2BA750082BCDE /* HomeViewController.swift */,
				0405E30625B2BA750082BCDE /* HomeViewController.xib */,
			);
			path = Home;
			sourceTree = "<group>";
		};
		6203FDD5E69B52181C23BCAB /* Pods */ = {
			isa = PBXGroup;
			children = (
				539B23334F07B2B04E0A8922 /* Pods-PokeDexAR.debug.xcconfig */,
				E3376CE45A888C7477D649D4 /* Pods-PokeDexAR.release.xcconfig */,
			);
			path = Pods;
			sourceTree = "<group>";
		};
		B1407C2049C37A3C7DE96414 /* Frameworks */ = {
			isa = PBXGroup;
			children = (
				0405E32625B2D19C0082BCDE /* ARKit.framework */,
				9DEEC777F977C01625D10AAA /* Pods_PokeDexAR.framework */,
			);
			name = Frameworks;
			sourceTree = "<group>";
		};
/* End PBXGroup section */

/* Begin PBXNativeTarget section */
		040E37CE25B2B02800AA2438 /* PokeDexAR */ = {
			isa = PBXNativeTarget;
			buildConfigurationList = 040E37F925B2B02900AA2438 /* Build configuration list for PBXNativeTarget "PokeDexAR" */;
			buildPhases = (
				6914F0733DF9C729C4FC5A8F /* [CP] Check Pods Manifest.lock */,
				040E37CB25B2B02800AA2438 /* Sources */,
				040E37CC25B2B02800AA2438 /* Frameworks */,
				040E37CD25B2B02800AA2438 /* Resources */,
				FDCA2023F6D87C26AE5CE0CB /* [CP] Embed Pods Frameworks */,
			);
			buildRules = (
			);
			dependencies = (
			);
			name = PokeDexAR;
			productName = PokeDexAR;
			productReference = 040E37CF25B2B02800AA2438 /* PokeDexAR.app */;
			productType = "com.apple.product-type.application";
		};
		040E37E425B2B02900AA2438 /* PokeDexARTests */ = {
			isa = PBXNativeTarget;
			buildConfigurationList = 040E37FC25B2B02900AA2438 /* Build configuration list for PBXNativeTarget "PokeDexARTests" */;
			buildPhases = (
				040E37E125B2B02900AA2438 /* Sources */,
				040E37E225B2B02900AA2438 /* Frameworks */,
				040E37E325B2B02900AA2438 /* Resources */,
			);
			buildRules = (
			);
			dependencies = (
				040E37E725B2B02900AA2438 /* PBXTargetDependency */,
			);
			name = PokeDexARTests;
			productName = PokeDexARTests;
			productReference = 040E37E525B2B02900AA2438 /* PokeDexARTests.xctest */;
			productType = "com.apple.product-type.bundle.unit-test";
		};
		040E37EF25B2B02900AA2438 /* PokeDexARUITests */ = {
			isa = PBXNativeTarget;
			buildConfigurationList = 040E37FF25B2B02900AA2438 /* Build configuration list for PBXNativeTarget "PokeDexARUITests" */;
			buildPhases = (
				040E37EC25B2B02900AA2438 /* Sources */,
				040E37ED25B2B02900AA2438 /* Frameworks */,
				040E37EE25B2B02900AA2438 /* Resources */,
			);
			buildRules = (
			);
			dependencies = (
				040E37F225B2B02900AA2438 /* PBXTargetDependency */,
			);
			name = PokeDexARUITests;
			productName = PokeDexARUITests;
			productReference = 040E37F025B2B02900AA2438 /* PokeDexARUITests.xctest */;
			productType = "com.apple.product-type.bundle.ui-testing";
		};
/* End PBXNativeTarget section */

/* Begin PBXProject section */
		040E37C725B2B02800AA2438 /* Project object */ = {
			isa = PBXProject;
			attributes = {
				LastSwiftUpdateCheck = 1230;
				LastUpgradeCheck = 1230;
				TargetAttributes = {
					040E37CE25B2B02800AA2438 = {
						CreatedOnToolsVersion = 12.3;
					};
					040E37E425B2B02900AA2438 = {
						CreatedOnToolsVersion = 12.3;
						TestTargetID = 040E37CE25B2B02800AA2438;
					};
					040E37EF25B2B02900AA2438 = {
						CreatedOnToolsVersion = 12.3;
						TestTargetID = 040E37CE25B2B02800AA2438;
					};
				};
			};
			buildConfigurationList = 040E37CA25B2B02800AA2438 /* Build configuration list for PBXProject "PokeDexAR" */;
			compatibilityVersion = "Xcode 9.3";
			developmentRegion = en;
			hasScannedForEncodings = 0;
			knownRegions = (
				en,
				Base,
			);
			mainGroup = 040E37C625B2B02800AA2438;
			productRefGroup = 040E37D025B2B02800AA2438 /* Products */;
			projectDirPath = "";
			projectRoot = "";
			targets = (
				040E37CE25B2B02800AA2438 /* PokeDexAR */,
				040E37E425B2B02900AA2438 /* PokeDexARTests */,
				040E37EF25B2B02900AA2438 /* PokeDexARUITests */,
			);
		};
/* End PBXProject section */

/* Begin PBXResourcesBuildPhase section */
		040E37CD25B2B02800AA2438 /* Resources */ = {
			isa = PBXResourcesBuildPhase;
			buildActionMask = 2147483647;
			files = (
				0405E33125B2D75F0082BCDE /* pikachu.dae in Resources */,
				040E37DF25B2B02900AA2438 /* LaunchScreen.storyboard in Resources */,
				040E37DC25B2B02900AA2438 /* Assets.xcassets in Resources */,
				0405E30825B2BA750082BCDE /* HomeViewController.xib in Resources */,
				04C8E0B625B2E46A0074F6B9 /* bulbasaur.dae in Resources */,
				0405E30D25B2C33F0082BCDE /* pokemon_data.json in Resources */,
			);
			runOnlyForDeploymentPostprocessing = 0;
		};
		040E37E325B2B02900AA2438 /* Resources */ = {
			isa = PBXResourcesBuildPhase;
			buildActionMask = 2147483647;
			files = (
			);
			runOnlyForDeploymentPostprocessing = 0;
		};
		040E37EE25B2B02900AA2438 /* Resources */ = {
			isa = PBXResourcesBuildPhase;
			buildActionMask = 2147483647;
			files = (
			);
			runOnlyForDeploymentPostprocessing = 0;
		};
/* End PBXResourcesBuildPhase section */

/* Begin PBXShellScriptBuildPhase section */
		6914F0733DF9C729C4FC5A8F /* [CP] Check Pods Manifest.lock */ = {
			isa = PBXShellScriptBuildPhase;
			buildActionMask = 2147483647;
			files = (
			);
			inputFileListPaths = (
			);
			inputPaths = (
				"${PODS_PODFILE_DIR_PATH}/Podfile.lock",
				"${PODS_ROOT}/Manifest.lock",
			);
			name = "[CP] Check Pods Manifest.lock";
			outputFileListPaths = (
			);
			outputPaths = (
				"$(DERIVED_FILE_DIR)/Pods-PokeDexAR-checkManifestLockResult.txt",
			);
			runOnlyForDeploymentPostprocessing = 0;
			shellPath = /bin/sh;
			shellScript = "diff \"${PODS_PODFILE_DIR_PATH}/Podfile.lock\" \"${PODS_ROOT}/Manifest.lock\" > /dev/null\nif [ $? != 0 ] ; then\n    # print error to STDERR\n    echo \"error: The sandbox is not in sync with the Podfile.lock. Run 'pod install' or update your CocoaPods installation.\" >&2\n    exit 1\nfi\n# This output is used by Xcode 'outputs' to avoid re-running this script phase.\necho \"SUCCESS\" > \"${SCRIPT_OUTPUT_FILE_0}\"\n";
			showEnvVarsInLog = 0;
		};
		FDCA2023F6D87C26AE5CE0CB /* [CP] Embed Pods Frameworks */ = {
			isa = PBXShellScriptBuildPhase;
			buildActionMask = 2147483647;
			files = (
			);
			inputFileListPaths = (
				"${PODS_ROOT}/Target Support Files/Pods-PokeDexAR/Pods-PokeDexAR-frameworks-${CONFIGURATION}-input-files.xcfilelist",
			);
			name = "[CP] Embed Pods Frameworks";
			outputFileListPaths = (
				"${PODS_ROOT}/Target Support Files/Pods-PokeDexAR/Pods-PokeDexAR-frameworks-${CONFIGURATION}-output-files.xcfilelist",
			);
			runOnlyForDeploymentPostprocessing = 0;
			shellPath = /bin/sh;
			shellScript = "\"${PODS_ROOT}/Target Support Files/Pods-PokeDexAR/Pods-PokeDexAR-frameworks.sh\"\n";
			showEnvVarsInLog = 0;
		};
/* End PBXShellScriptBuildPhase section */

/* Begin PBXSourcesBuildPhase section */
		040E37CB25B2B02800AA2438 /* Sources */ = {
			isa = PBXSourcesBuildPhase;
			buildActionMask = 2147483647;
			files = (
				040E37D325B2B02800AA2438 /* AppDelegate.swift in Sources */,
				04C8E0C025B2F0680074F6B9 /* ColorExtensions.swift in Sources */,
				0438899425B2B2D7005C5AED /* DictionaryExtensions.swift in Sources */,
				0438898625B2B1BE005C5AED /* Pokemon.swift in Sources */,
				0405E30725B2BA750082BCDE /* HomeViewController.swift in Sources */,
				0438899A25B2B340005C5AED /* PokemonCollectionCell.swift in Sources */,
				0405E33625B2E0700082BCDE /* PokemonInfoViewController.swift in Sources */,
				0405E31525B2D08A0082BCDE /* VisualizeViewController.swift in Sources */,
				0405E32225B2D1860082BCDE /* PokemonPlane.swift in Sources */,
				0438899225B2B2D7005C5AED /* StringExtensions.swift in Sources */,
				04C8E0BB25B2EF410074F6B9 /* ButtonExtensions.swift in Sources */,
				0438899325B2B2D7005C5AED /* AppUtils.swift in Sources */,
				040E37D525B2B02800AA2438 /* SceneDelegate.swift in Sources */,
			);
			runOnlyForDeploymentPostprocessing = 0;
		};
		040E37E125B2B02900AA2438 /* Sources */ = {
			isa = PBXSourcesBuildPhase;
			buildActionMask = 2147483647;
			files = (
				040E37EA25B2B02900AA2438 /* PokeDexARTests.swift in Sources */,
			);
			runOnlyForDeploymentPostprocessing = 0;
		};
		040E37EC25B2B02900AA2438 /* Sources */ = {
			isa = PBXSourcesBuildPhase;
			buildActionMask = 2147483647;
			files = (
				040E37F525B2B02900AA2438 /* PokeDexARUITests.swift in Sources */,
			);
			runOnlyForDeploymentPostprocessing = 0;
		};
/* End PBXSourcesBuildPhase section */

/* Begin PBXTargetDependency section */
		040E37E725B2B02900AA2438 /* PBXTargetDependency */ = {
			isa = PBXTargetDependency;
			target = 040E37CE25B2B02800AA2438 /* PokeDexAR */;
			targetProxy = 040E37E625B2B02900AA2438 /* PBXContainerItemProxy */;
		};
		040E37F225B2B02900AA2438 /* PBXTargetDependency */ = {
			isa = PBXTargetDependency;
			target = 040E37CE25B2B02800AA2438 /* PokeDexAR */;
			targetProxy = 040E37F125B2B02900AA2438 /* PBXContainerItemProxy */;
		};
/* End PBXTargetDependency section */

/* Begin PBXVariantGroup section */
		040E37DD25B2B02900AA2438 /* LaunchScreen.storyboard */ = {
			isa = PBXVariantGroup;
			children = (
				040E37DE25B2B02900AA2438 /* Base */,
			);
			name = LaunchScreen.storyboard;
			sourceTree = "<group>";
		};
/* End PBXVariantGroup section */

/* Begin XCBuildConfiguration section */
		040E37F725B2B02900AA2438 /* Debug */ = {
			isa = XCBuildConfiguration;
			buildSettings = {
				ALWAYS_SEARCH_USER_PATHS = NO;
				CLANG_ANALYZER_NONNULL = YES;
				CLANG_ANALYZER_NUMBER_OBJECT_CONVERSION = YES_AGGRESSIVE;
				CLANG_CXX_LANGUAGE_STANDARD = "gnu++14";
				CLANG_CXX_LIBRARY = "libc++";
				CLANG_ENABLE_MODULES = YES;
				CLANG_ENABLE_OBJC_ARC = YES;
				CLANG_ENABLE_OBJC_WEAK = YES;
				CLANG_WARN_BLOCK_CAPTURE_AUTORELEASING = YES;
				CLANG_WARN_BOOL_CONVERSION = YES;
				CLANG_WARN_COMMA = YES;
				CLANG_WARN_CONSTANT_CONVERSION = YES;
				CLANG_WARN_DEPRECATED_OBJC_IMPLEMENTATIONS = YES;
				CLANG_WARN_DIRECT_OBJC_ISA_USAGE = YES_ERROR;
				CLANG_WARN_DOCUMENTATION_COMMENTS = YES;
				CLANG_WARN_EMPTY_BODY = YES;
				CLANG_WARN_ENUM_CONVERSION = YES;
				CLANG_WARN_INFINITE_RECURSION = YES;
				CLANG_WARN_INT_CONVERSION = YES;
				CLANG_WARN_NON_LITERAL_NULL_CONVERSION = YES;
				CLANG_WARN_OBJC_IMPLICIT_RETAIN_SELF = YES;
				CLANG_WARN_OBJC_LITERAL_CONVERSION = YES;
				CLANG_WARN_OBJC_ROOT_CLASS = YES_ERROR;
				CLANG_WARN_QUOTED_INCLUDE_IN_FRAMEWORK_HEADER = YES;
				CLANG_WARN_RANGE_LOOP_ANALYSIS = YES;
				CLANG_WARN_STRICT_PROTOTYPES = YES;
				CLANG_WARN_SUSPICIOUS_MOVE = YES;
				CLANG_WARN_UNGUARDED_AVAILABILITY = YES_AGGRESSIVE;
				CLANG_WARN_UNREACHABLE_CODE = YES;
				CLANG_WARN__DUPLICATE_METHOD_MATCH = YES;
				COPY_PHASE_STRIP = NO;
				DEBUG_INFORMATION_FORMAT = dwarf;
				ENABLE_STRICT_OBJC_MSGSEND = YES;
				ENABLE_TESTABILITY = YES;
				GCC_C_LANGUAGE_STANDARD = gnu11;
				GCC_DYNAMIC_NO_PIC = NO;
				GCC_NO_COMMON_BLOCKS = YES;
				GCC_OPTIMIZATION_LEVEL = 0;
				GCC_PREPROCESSOR_DEFINITIONS = (
					"DEBUG=1",
					"$(inherited)",
				);
				GCC_WARN_64_TO_32_BIT_CONVERSION = YES;
				GCC_WARN_ABOUT_RETURN_TYPE = YES_ERROR;
				GCC_WARN_UNDECLARED_SELECTOR = YES;
				GCC_WARN_UNINITIALIZED_AUTOS = YES_AGGRESSIVE;
				GCC_WARN_UNUSED_FUNCTION = YES;
				GCC_WARN_UNUSED_VARIABLE = YES;
				IPHONEOS_DEPLOYMENT_TARGET = 14.3;
				MTL_ENABLE_DEBUG_INFO = INCLUDE_SOURCE;
				MTL_FAST_MATH = YES;
				ONLY_ACTIVE_ARCH = YES;
				SDKROOT = iphoneos;
				SWIFT_ACTIVE_COMPILATION_CONDITIONS = DEBUG;
				SWIFT_OPTIMIZATION_LEVEL = "-Onone";
			};
			name = Debug;
		};
		040E37F825B2B02900AA2438 /* Release */ = {
			isa = XCBuildConfiguration;
			buildSettings = {
				ALWAYS_SEARCH_USER_PATHS = NO;
				CLANG_ANALYZER_NONNULL = YES;
				CLANG_ANALYZER_NUMBER_OBJECT_CONVERSION = YES_AGGRESSIVE;
				CLANG_CXX_LANGUAGE_STANDARD = "gnu++14";
				CLANG_CXX_LIBRARY = "libc++";
				CLANG_ENABLE_MODULES = YES;
				CLANG_ENABLE_OBJC_ARC = YES;
				CLANG_ENABLE_OBJC_WEAK = YES;
				CLANG_WARN_BLOCK_CAPTURE_AUTORELEASING = YES;
				CLANG_WARN_BOOL_CONVERSION = YES;
				CLANG_WARN_COMMA = YES;
				CLANG_WARN_CONSTANT_CONVERSION = YES;
				CLANG_WARN_DEPRECATED_OBJC_IMPLEMENTATIONS = YES;
				CLANG_WARN_DIRECT_OBJC_ISA_USAGE = YES_ERROR;
				CLANG_WARN_DOCUMENTATION_COMMENTS = YES;
				CLANG_WARN_EMPTY_BODY = YES;
				CLANG_WARN_ENUM_CONVERSION = YES;
				CLANG_WARN_INFINITE_RECURSION = YES;
				CLANG_WARN_INT_CONVERSION = YES;
				CLANG_WARN_NON_LITERAL_NULL_CONVERSION = YES;
				CLANG_WARN_OBJC_IMPLICIT_RETAIN_SELF = YES;
				CLANG_WARN_OBJC_LITERAL_CONVERSION = YES;
				CLANG_WARN_OBJC_ROOT_CLASS = YES_ERROR;
				CLANG_WARN_QUOTED_INCLUDE_IN_FRAMEWORK_HEADER = YES;
				CLANG_WARN_RANGE_LOOP_ANALYSIS = YES;
				CLANG_WARN_STRICT_PROTOTYPES = YES;
				CLANG_WARN_SUSPICIOUS_MOVE = YES;
				CLANG_WARN_UNGUARDED_AVAILABILITY = YES_AGGRESSIVE;
				CLANG_WARN_UNREACHABLE_CODE = YES;
				CLANG_WARN__DUPLICATE_METHOD_MATCH = YES;
				COPY_PHASE_STRIP = NO;
				DEBUG_INFORMATION_FORMAT = "dwarf-with-dsym";
				ENABLE_NS_ASSERTIONS = NO;
				ENABLE_STRICT_OBJC_MSGSEND = YES;
				GCC_C_LANGUAGE_STANDARD = gnu11;
				GCC_NO_COMMON_BLOCKS = YES;
				GCC_WARN_64_TO_32_BIT_CONVERSION = YES;
				GCC_WARN_ABOUT_RETURN_TYPE = YES_ERROR;
				GCC_WARN_UNDECLARED_SELECTOR = YES;
				GCC_WARN_UNINITIALIZED_AUTOS = YES_AGGRESSIVE;
				GCC_WARN_UNUSED_FUNCTION = YES;
				GCC_WARN_UNUSED_VARIABLE = YES;
				IPHONEOS_DEPLOYMENT_TARGET = 14.3;
				MTL_ENABLE_DEBUG_INFO = NO;
				MTL_FAST_MATH = YES;
				SDKROOT = iphoneos;
				SWIFT_COMPILATION_MODE = wholemodule;
				SWIFT_OPTIMIZATION_LEVEL = "-O";
				VALIDATE_PRODUCT = YES;
			};
			name = Release;
		};
		040E37FA25B2B02900AA2438 /* Debug */ = {
			isa = XCBuildConfiguration;
			baseConfigurationReference = 539B23334F07B2B04E0A8922 /* Pods-PokeDexAR.debug.xcconfig */;
			buildSettings = {
				ASSETCATALOG_COMPILER_APPICON_NAME = AppIcon;
				ASSETCATALOG_COMPILER_GLOBAL_ACCENT_COLOR_NAME = AccentColor;
				CODE_SIGN_STYLE = Automatic;
				DEVELOPMENT_TEAM = KCQ3WFV28V;
				INFOPLIST_FILE = PokeDexAR/Info.plist;
				IPHONEOS_DEPLOYMENT_TARGET = 13.0;
				LD_RUNPATH_SEARCH_PATHS = (
					"$(inherited)",
					"@executable_path/Frameworks",
				);
				PRODUCT_BUNDLE_IDENTIFIER = hieutdt.vng.com.zalo;
				PRODUCT_NAME = "$(TARGET_NAME)";
				SWIFT_VERSION = 5.0;
				TARGETED_DEVICE_FAMILY = "1,2";
			};
			name = Debug;
		};
		040E37FB25B2B02900AA2438 /* Release */ = {
			isa = XCBuildConfiguration;
			baseConfigurationReference = E3376CE45A888C7477D649D4 /* Pods-PokeDexAR.release.xcconfig */;
			buildSettings = {
				ASSETCATALOG_COMPILER_APPICON_NAME = AppIcon;
				ASSETCATALOG_COMPILER_GLOBAL_ACCENT_COLOR_NAME = AccentColor;
				CODE_SIGN_STYLE = Automatic;
				DEVELOPMENT_TEAM = KCQ3WFV28V;
				INFOPLIST_FILE = PokeDexAR/Info.plist;
				IPHONEOS_DEPLOYMENT_TARGET = 13.0;
				LD_RUNPATH_SEARCH_PATHS = (
					"$(inherited)",
					"@executable_path/Frameworks",
				);
				PRODUCT_BUNDLE_IDENTIFIER = hieutdt.vng.com.zalo;
				PRODUCT_NAME = "$(TARGET_NAME)";
				SWIFT_VERSION = 5.0;
				TARGETED_DEVICE_FAMILY = "1,2";
			};
			name = Release;
		};
		040E37FD25B2B02900AA2438 /* Debug */ = {
			isa = XCBuildConfiguration;
			buildSettings = {
				ALWAYS_EMBED_SWIFT_STANDARD_LIBRARIES = YES;
				BUNDLE_LOADER = "$(TEST_HOST)";
				CODE_SIGN_STYLE = Automatic;
				DEVELOPMENT_TEAM = VC54UPHUD4;
				INFOPLIST_FILE = PokeDexARTests/Info.plist;
				IPHONEOS_DEPLOYMENT_TARGET = 14.3;
				LD_RUNPATH_SEARCH_PATHS = (
					"$(inherited)",
					"@executable_path/Frameworks",
					"@loader_path/Frameworks",
				);
				PRODUCT_BUNDLE_IDENTIFIER = hieutdt.vng.com.vn.PokeDexARTests;
				PRODUCT_NAME = "$(TARGET_NAME)";
				SWIFT_VERSION = 5.0;
				TARGETED_DEVICE_FAMILY = "1,2";
				TEST_HOST = "$(BUILT_PRODUCTS_DIR)/PokeDexAR.app/PokeDexAR";
			};
			name = Debug;
		};
		040E37FE25B2B02900AA2438 /* Release */ = {
			isa = XCBuildConfiguration;
			buildSettings = {
				ALWAYS_EMBED_SWIFT_STANDARD_LIBRARIES = YES;
				BUNDLE_LOADER = "$(TEST_HOST)";
				CODE_SIGN_STYLE = Automatic;
				DEVELOPMENT_TEAM = VC54UPHUD4;
				INFOPLIST_FILE = PokeDexARTests/Info.plist;
				IPHONEOS_DEPLOYMENT_TARGET = 14.3;
				LD_RUNPATH_SEARCH_PATHS = (
					"$(inherited)",
					"@executable_path/Frameworks",
					"@loader_path/Frameworks",
				);
				PRODUCT_BUNDLE_IDENTIFIER = hieutdt.vng.com.vn.PokeDexARTests;
				PRODUCT_NAME = "$(TARGET_NAME)";
				SWIFT_VERSION = 5.0;
				TARGETED_DEVICE_FAMILY = "1,2";
				TEST_HOST = "$(BUILT_PRODUCTS_DIR)/PokeDexAR.app/PokeDexAR";
			};
			name = Release;
		};
		040E380025B2B02900AA2438 /* Debug */ = {
			isa = XCBuildConfiguration;
			buildSettings = {
				ALWAYS_EMBED_SWIFT_STANDARD_LIBRARIES = YES;
				CODE_SIGN_STYLE = Automatic;
				DEVELOPMENT_TEAM = VC54UPHUD4;
				INFOPLIST_FILE = PokeDexARUITests/Info.plist;
				LD_RUNPATH_SEARCH_PATHS = (
					"$(inherited)",
					"@executable_path/Frameworks",
					"@loader_path/Frameworks",
				);
				PRODUCT_BUNDLE_IDENTIFIER = hieutdt.vng.com.vn.PokeDexARUITests;
				PRODUCT_NAME = "$(TARGET_NAME)";
				SWIFT_VERSION = 5.0;
				TARGETED_DEVICE_FAMILY = "1,2";
				TEST_TARGET_NAME = PokeDexAR;
			};
			name = Debug;
		};
		040E380125B2B02900AA2438 /* Release */ = {
			isa = XCBuildConfiguration;
			buildSettings = {
				ALWAYS_EMBED_SWIFT_STANDARD_LIBRARIES = YES;
				CODE_SIGN_STYLE = Automatic;
				DEVELOPMENT_TEAM = VC54UPHUD4;
				INFOPLIST_FILE = PokeDexARUITests/Info.plist;
				LD_RUNPATH_SEARCH_PATHS = (
					"$(inherited)",
					"@executable_path/Frameworks",
					"@loader_path/Frameworks",
				);
				PRODUCT_BUNDLE_IDENTIFIER = hieutdt.vng.com.vn.PokeDexARUITests;
				PRODUCT_NAME = "$(TARGET_NAME)";
				SWIFT_VERSION = 5.0;
				TARGETED_DEVICE_FAMILY = "1,2";
				TEST_TARGET_NAME = PokeDexAR;
			};
			name = Release;
		};
/* End XCBuildConfiguration section */

/* Begin XCConfigurationList section */
		040E37CA25B2B02800AA2438 /* Build configuration list for PBXProject "PokeDexAR" */ = {
			isa = XCConfigurationList;
			buildConfigurations = (
				040E37F725B2B02900AA2438 /* Debug */,
				040E37F825B2B02900AA2438 /* Release */,
			);
			defaultConfigurationIsVisible = 0;
			defaultConfigurationName = Release;
		};
		040E37F925B2B02900AA2438 /* Build configuration list for PBXNativeTarget "PokeDexAR" */ = {
			isa = XCConfigurationList;
			buildConfigurations = (
				040E37FA25B2B02900AA2438 /* Debug */,
				040E37FB25B2B02900AA2438 /* Release */,
			);
			defaultConfigurationIsVisible = 0;
			defaultConfigurationName = Release;
		};
		040E37FC25B2B02900AA2438 /* Build configuration list for PBXNativeTarget "PokeDexARTests" */ = {
			isa = XCConfigurationList;
			buildConfigurations = (
				040E37FD25B2B02900AA2438 /* Debug */,
				040E37FE25B2B02900AA2438 /* Release */,
			);
			defaultConfigurationIsVisible = 0;
			defaultConfigurationName = Release;
		};
		040E37FF25B2B02900AA2438 /* Build configuration list for PBXNativeTarget "PokeDexARUITests" */ = {
			isa = XCConfigurationList;
			buildConfigurations = (
				040E380025B2B02900AA2438 /* Debug */,
				040E380125B2B02900AA2438 /* Release */,
			);
			defaultConfigurationIsVisible = 0;
			defaultConfigurationName = Release;
		};
/* End XCConfigurationList section */
	};
	rootObject = 040E37C725B2B02800AA2438 /* Project object */;
}
